<Solution>
  <Project Path="Bug-Bounty-Platform.BusinessLogic/Bug-Bounty-Platform.BusinessLogic.csproj" />
  <Project Path="Bug-Bounty-Platform.Domain/Bug-Bounty-Platform.Domain.csproj" />
  <Project Path="Bug-Bounty-Platform.Helpers/Bug-Bounty-Platform.Helpers.csproj" />
  <Project Path="Bug-Bounty-Platform.Web/Bug-Bounty-Platform.Web.csproj" />
</Solution>
